lockfile_version: '1'
generated_at: '2026-05-23T01:19:33.215508+00:00'
dependencies: []
local_deployed_files:
- .claude/rules/pr-review.md
- .claude/rules/project-overview.md
- .github/instructions/pr-review.instructions.md
- .github/instructions/project-overview.instructions.md
local_deployed_file_hashes:
  .claude/rules/pr-review.md: sha256:1261da0829d1f37c02fcd11c476ff332ae75fcdf87f90cd6be70c700bbb155a3
  .claude/rules/project-overview.md: sha256:fea465e326e4a7a7826284fa6ae0eec68d6eb9fa9f6fc9f713bd6884ae670100
  .github/instructions/pr-review.instructions.md: sha256:f760ea9fdb7e72683fc68f9854d1bc948c7d1e3b3b91319d26dccd587e7a43da
  .github/instructions/project-overview.instructions.md: sha256:fc296cdeb267b7f4da9957ec3cbdf83436d429194ebf7788e71affa53227616c
