lockfile_version: '1'
generated_at: '2026-07-03T08:30:25.512793+00:00'
apm_version: 0.18.0
dependencies:
- repo_url: ROhta/apm-config
  host: github.com
  resolved_commit: 6db6099987990dbee05d8a34f00617467fb66d86
  resolved_ref: 6db6099987990dbee05d8a34f00617467fb66d86
  virtual_path: base
  is_virtual: true
  package_type: apm_package
  deployed_files:
  - .claude/rules/language.md
  - .claude/rules/pr-review.md
  - .github/instructions/language.instructions.md
  - .github/instructions/pr-review.instructions.md
  deployed_file_hashes:
    .claude/rules/language.md: sha256:ba3ab130598d94ac7e96e60a393f3d0fd9a00e69a3a6db7415690a53f5aea8ff
    .claude/rules/pr-review.md: sha256:a641b7cf37e1d054e09509311d21f5ce3bdaf96ff238159a8650676740bc00e8
    .github/instructions/language.instructions.md: sha256:18d17cabd53bf121ee02a80acfd67e071e5f3b5523d15f5c156f8a993e831092
    .github/instructions/pr-review.instructions.md: sha256:245fe9b9e85f80e89b0872c985a45a96983032d12dd705a42ff7542f66fd244f
  content_hash: sha256:1c25fd7fb561109e0f2809b5d0af0614f1bf9fdbf0091e783014d42004438986
- repo_url: ROhta/apm-config
  host: github.com
  resolved_commit: 6db6099987990dbee05d8a34f00617467fb66d86
  resolved_ref: 6db6099987990dbee05d8a34f00617467fb66d86
  virtual_path: mcp-toolkit
  is_virtual: true
  package_type: apm_package
  content_hash: sha256:0346bf090250ac73e5d39f7ea6f32c0149313668c2ab8c9aab682cd32973e762
- repo_url: github/awesome-copilot
  host: github.com
  resolved_commit: 5b049e4e196c10aab8ddfd9e492323d08cf985b0
  resolved_ref: 5b049e4e196c10aab8ddfd9e492323d08cf985b0
  virtual_path: instructions/code-review-generic.instructions.md
  is_virtual: true
  package_type: apm_package
  deployed_files:
  - .claude/rules/code-review-generic.md
  - .github/instructions/code-review-generic.instructions.md
  deployed_file_hashes:
    .claude/rules/code-review-generic.md: sha256:438a95faf5d7e0c1d52f0be55ca6d751a133a30f07cd95f09390803635267e5d
    .github/instructions/code-review-generic.instructions.md: sha256:e6917309e3e986cde1650768cc871f54e5d054e90c4518afb5c937941ee212a9
  content_hash: sha256:31212689590950d38ab751ad947ac94078ec57eb71a497c5b126135bc05dc7e1
- repo_url: obra/superpowers
  host: github.com
  resolved_commit: f2cbfbefebbfef77321e4c9abc9e949826bea9d7
  resolved_ref: f2cbfbefebbfef77321e4c9abc9e949826bea9d7
  package_type: marketplace_plugin
  deployed_files:
  - .agents/skills/brainstorming
  - .agents/skills/dispatching-parallel-agents
  - .agents/skills/executing-plans
  - .agents/skills/finishing-a-development-branch
  - .agents/skills/receiving-code-review
  - .agents/skills/requesting-code-review
  - .agents/skills/subagent-driven-development
  - .agents/skills/systematic-debugging
  - .agents/skills/test-driven-development
  - .agents/skills/using-git-worktrees
  - .agents/skills/using-superpowers
  - .agents/skills/verification-before-completion
  - .agents/skills/writing-plans
  - .agents/skills/writing-skills
  - .claude/hooks/superpowers/hooks/run-hook.cmd
  - .claude/skills/brainstorming
  - .claude/skills/dispatching-parallel-agents
  - .claude/skills/executing-plans
  - .claude/skills/finishing-a-development-branch
  - .claude/skills/receiving-code-review
  - .claude/skills/requesting-code-review
  - .claude/skills/subagent-driven-development
  - .claude/skills/systematic-debugging
  - .claude/skills/test-driven-development
  - .claude/skills/using-git-worktrees
  - .claude/skills/using-superpowers
  - .claude/skills/verification-before-completion
  - .claude/skills/writing-plans
  - .claude/skills/writing-skills
  - .codex/hooks/superpowers/hooks/run-hook.cmd
  - .github/hooks/scripts/superpowers/hooks/run-hook.cmd
  - .github/hooks/superpowers-hooks-cursor.json
  - .github/hooks/superpowers-hooks.json
  deployed_file_hashes:
    .claude/hooks/superpowers/hooks/run-hook.cmd: sha256:d3d9c6199678dab2858e60509dde5e7414f13c2a2b5e48a38b1d368b6e1d6abb
    .codex/hooks/superpowers/hooks/run-hook.cmd: sha256:d3d9c6199678dab2858e60509dde5e7414f13c2a2b5e48a38b1d368b6e1d6abb
    .github/hooks/scripts/superpowers/hooks/run-hook.cmd: sha256:d3d9c6199678dab2858e60509dde5e7414f13c2a2b5e48a38b1d368b6e1d6abb
    .github/hooks/superpowers-hooks-cursor.json: sha256:53d8ceb3ff5d8bb1c4f283f238cc868b8c1af22e40a3ac30f6d6e4173effefbd
    .github/hooks/superpowers-hooks.json: sha256:414b2cda93dfd4523ea183cc02c29b17b7c92bbfd54ad89acd83aadac042ea5a
  content_hash: sha256:fb4f87bfef928a6d68f5d5aaa29e3eba011961c5f03bbf171c3c348d8d161abb
mcp_servers:
- chrome-devtools
- context7
- semgrep
- serena
mcp_configs:
  chrome-devtools:
    name: chrome-devtools
    transport: stdio
    args:
    - -y
    - chrome-devtools-mcp@1.2.0
    registry: false
    command: npx
  context7:
    name: context7
    transport: stdio
    args:
    - -y
    - '@upstash/context7-mcp@3.2.0'
    registry: false
    command: npx
  semgrep:
    name: semgrep
    transport: stdio
    args:
    - semgrep-mcp
    registry: false
    command: uvx
  serena:
    name: serena
    transport: stdio
    args:
    - --from
    - git+https://github.com/oraios/serena@acee002dc498e5f4c368eb9d45ab67e480d77832
    - serena
    - start-mcp-server
    registry: false
    command: uvx
local_deployed_files:
- .claude/rules/apm-plugins.md
- .claude/rules/apm-workflow.md
- .claude/rules/dev-workflow.md
- .claude/rules/feature-spec.md
- .claude/rules/github-ops.md
- .claude/rules/lint.md
- .claude/rules/local-dev-workflow.md
- .claude/rules/mcp-servers.md
- .claude/rules/setup.md
- .claude/rules/styling.md
- .claude/rules/typescript.md
- .github/instructions/apm-plugins.instructions.md
- .github/instructions/apm-workflow.instructions.md
- .github/instructions/dev-workflow.instructions.md
- .github/instructions/feature-spec.instructions.md
- .github/instructions/github-ops.instructions.md
- .github/instructions/lint.instructions.md
- .github/instructions/local-dev-workflow.instructions.md
- .github/instructions/mcp-servers.instructions.md
- .github/instructions/setup.instructions.md
- .github/instructions/styling.instructions.md
- .github/instructions/typescript.instructions.md
local_deployed_file_hashes:
  .claude/rules/apm-plugins.md: sha256:62dc8058ccec17a415ebdb92588a8c25708c1f22acc75c814456bce7c5955f7b
  .claude/rules/apm-workflow.md: sha256:5be5685cbf0ae5cb002da00e206911ce7641134b2a40ca47c865d455b194fad9
  .claude/rules/dev-workflow.md: sha256:359373b91118132a98756c98446268f568a0c636613127eba9b5858f521f87df
  .claude/rules/feature-spec.md: sha256:587be25e9fdf17d27c6d0f5baa92485ecb289d4c8a6eb41b7acbe3e76ce64eb8
  .claude/rules/github-ops.md: sha256:68e2a2eb425ae3bf6c033846ae0d640e411c37bdc6f1efcef84daa41b8dfc680
  .claude/rules/lint.md: sha256:1ff76e33314db0b04a26b13e3a7e61830f406485ad1da7607dc8b2c655c300d9
  .claude/rules/local-dev-workflow.md: sha256:788554744cfae344cace1938808e9ed14f43482978a03f8b020ed2e98fbe3eb6
  .claude/rules/mcp-servers.md: sha256:7a112235dadb1667fcc89a5b9852ab93e0439f957db8103e0cdd1d34dde04d52
  .claude/rules/setup.md: sha256:e80af0f0c2890bcc85001593965140d48fe207ed8b02f5bf3d827787658f87ad
  .claude/rules/styling.md: sha256:f35e25e78afd7a4b65c19104c999e55fbff12112ec4cba10abe55d3d05b36fce
  .claude/rules/typescript.md: sha256:6bf8ab3e30dc8184bf63622a9d03c084d17de76aac984fef29a98a6c9defe2d5
  .github/instructions/apm-plugins.instructions.md: sha256:1a697631e8729d50c7b7ffa578019a3b667dd97e0507f20a671a41c974348add
  .github/instructions/apm-workflow.instructions.md: sha256:137387425391d9bd0bce324958f59278622b76a0453c117e6cfbe3561af9ffe3
  .github/instructions/dev-workflow.instructions.md: sha256:b89c4649e75bdd78e9d9b626ee6e2c404cdb0b46cd64805c88d7ea53b89165d2
  .github/instructions/feature-spec.instructions.md: sha256:d641da9a56e032cef5b7d8d29a0cc2a472723b9848a5906bd02f1bf211165e07
  .github/instructions/github-ops.instructions.md: sha256:9b58eed993efdc6e299d0d0627c5baf0e85b21de708623af19b7e56b4b50f331
  .github/instructions/lint.instructions.md: sha256:e4d1c252de1773dfe9aa7d7fa2a4f63e6ee9f07fa04cebabca3ff9a1ad72da1a
  .github/instructions/local-dev-workflow.instructions.md: sha256:3d09017d73c5f811dd6969eb8e75816652c629c45938ddd59383b3065a65e8e0
  .github/instructions/mcp-servers.instructions.md: sha256:24bb872e9f3e5ab0fbbdc493bc5dd71a1837d19beb7d0e63bd14281b2900831d
  .github/instructions/setup.instructions.md: sha256:7ccafc540d0af2ede0738bd8ad9f4166f01e9e79812404becc28646097e4ce55
  .github/instructions/styling.instructions.md: sha256:cfb5373ec78a677e02ba28c87774ac78a172790aae88eae3b23dd7837398d9b1
  .github/instructions/typescript.instructions.md: sha256:eb50e1ca4f5e22c9fc142e8d112f2635016d8fc872beb870f3e9eb333b9dc392
