# @generated - this file is auto-generated by `mise lock` https://mise.en.dev/dev-tools/mise-lock.html

[[tools."github:microsoft/apm"]]
version = "0.26.0"
backend = "github:microsoft/apm"

[tools."github:microsoft/apm"."platforms.linux-x64"]
checksum = "sha256:3afba455c5283852ba4c392f668be7c27b65bc4a0fa60a8b53a4626c52628431"
url = "https://github.com/microsoft/apm/releases/download/v0.26.0/apm-linux-x86_64.tar.gz"
url_api = "https://api.github.com/repos/microsoft/apm/releases/assets/481831780"

[tools."github:microsoft/apm"."platforms.macos-arm64"]
checksum = "sha256:febddd0a8beb4be7b411e708ed746937a14482d5e0935eb776b7f35e320654df"
url = "https://github.com/microsoft/apm/releases/download/v0.26.0/apm-darwin-arm64.tar.gz"
url_api = "https://api.github.com/repos/microsoft/apm/releases/assets/481831785"

[[tools.node]]
version = "26.5.0"
backend = "core:node"

[tools.node."platforms.linux-x64"]
checksum = "sha256:22b5f47ad6ae78837e4c2b846019965ce1a06ba143de176102294a1bf44fc677"
url = "https://nodejs.org/dist/v26.5.0/node-v26.5.0-linux-x64.tar.gz"

[tools.node."platforms.macos-arm64"]
checksum = "sha256:ee920559aaa2391569cff4d737e3b83963430e3a14dedd91bfe0ff53171b5af9"
url = "https://nodejs.org/dist/v26.5.0/node-v26.5.0-darwin-arm64.tar.gz"

[[tools.pnpm]]
version = "11.17.0"
backend = "aqua:pnpm/pnpm"

[tools.pnpm."platforms.linux-x64"]
checksum = "sha256:bdb1db01bf0f757495405a59a09c5c287f315889dc98d3b14bc374b9fe43a0bf"
url = "https://github.com/pnpm/pnpm/releases/download/v11.17.0/pnpm-linux-x64.tar.gz"
provenance = "github-attestations"

[tools.pnpm."platforms.macos-arm64"]
checksum = "sha256:1e9a35d76f9d382af365d95c64f3abf7815e24350653f5bb1a37e4546265bc2b"
url = "https://github.com/pnpm/pnpm/releases/download/v11.17.0/pnpm-darwin-arm64.tar.gz"
provenance = "github-attestations"
