# @generated - this file is auto-generated by `mise lock` https://mise.en.dev/dev-tools/mise-lock.html

[[tools."github:microsoft/apm"]]
version = "0.24.0"
backend = "github:microsoft/apm"

[[tools.node]]
version = "24.16.0"
backend = "core:node"

[[tools.pnpm]]
version = "11.5.2"
backend = "aqua:pnpm/pnpm"
