# @generated - this file is auto-generated by `mise lock` https://mise.en.dev/dev-tools/mise-lock.html

[[tools."github:microsoft/apm"]]
version = "0.24.0"
backend = "github:microsoft/apm"

[tools."github:microsoft/apm"."platforms.linux-x64"]
checksum = "sha256:54b58a212d66e0de0b71068e7b3b23169af872183de10bc0fc29e006354d63eb"
url = "https://github.com/microsoft/apm/releases/download/v0.24.0/apm-linux-x86_64.tar.gz"
url_api = "https://api.github.com/repos/microsoft/apm/releases/assets/467124799"

[tools."github:microsoft/apm"."platforms.macos-arm64"]
checksum = "sha256:09a87baa5a527ea14064962bd549e8e6baf4e527bd259b54ce0d25f7757e5baf"
url = "https://github.com/microsoft/apm/releases/download/v0.24.0/apm-darwin-arm64.tar.gz"
url_api = "https://api.github.com/repos/microsoft/apm/releases/assets/467124802"

[[tools.node]]
version = "24.16.0"
backend = "core:node"

[tools.node."platforms.linux-x64"]
checksum = "sha256:2faf6a387e9b62b888e21c54f01249fb27537ffecf1842f29f4c919d0a59a0ff"
url = "https://nodejs.org/dist/v24.16.0/node-v24.16.0-linux-x64.tar.gz"

[tools.node."platforms.macos-arm64"]
checksum = "sha256:39189dab4eeb15706c424af0ac08a3044c9e48f7db12a7d77f6b7aafc7dd5df6"
url = "https://nodejs.org/dist/v24.16.0/node-v24.16.0-darwin-arm64.tar.gz"

[[tools.pnpm]]
version = "11.5.2"
backend = "aqua:pnpm/pnpm"

[tools.pnpm."platforms.linux-x64"]
checksum = "sha256:2033a702618c8576dc6bb0f6adb3a67ab506031351ddd59ca50d1bcaf5d13dc5"
url = "https://github.com/pnpm/pnpm/releases/download/v11.5.2/pnpm-linux-x64.tar.gz"
provenance = "github-attestations"

[tools.pnpm."platforms.macos-arm64"]
checksum = "sha256:54993dae26bea0f3c1b0e15f9427f6f6a86827d56f32d1d1554d8cda59a62399"
url = "https://github.com/pnpm/pnpm/releases/download/v11.5.2/pnpm-darwin-arm64.tar.gz"
provenance = "github-attestations"
